// !$*UTF8*$!
{
	archiveVersion = 1;
	classes = {
	};
	objectVersion = 77;
	objects = {

/* Begin PBXContainerItemProxy section */
		836E0F2C2DAE839A00B75F91 /* PBXContainerItemProxy */ = {
			isa = PBXContainerItemProxy;
			containerPortal = 836E0F162DAE839800B75F91 /* Project object */;
			proxyType = 1;
			remoteGlobalIDString = 836E0F1D2DAE839800B75F91;
			remoteInfo = MovieShaker;
		};
		836E0F362DAE839A00B75F91 /* PBXContainerItemProxy */ = {
			isa = PBXContainerItemProxy;
			containerPortal = 836E0F162DAE839800B75F91 /* Project object */;
			proxyType = 1;
			remoteGlobalIDString = 836E0F1D2DAE839800B75F91;
			remoteInfo = MovieShaker;
		};
/* End PBXContainerItemProxy section */

/* Begin PBXFileReference section */
		836E0F1E2DAE839800B75F91 /* MovieShaker.app */ = {isa = PBXFileReference; explicitFileType = wrapper.application; includeInIndex = 0; path = MovieShaker.app; sourceTree = BUILT_PRODUCTS_DIR; };
		836E0F2B2DAE839A00B75F91 /* MovieShakerTests.xctest */ = {isa = PBXFileReference; explicitFileType = wrapper.cfbundle; includeInIndex = 0; path = MovieShakerTests.xctest; sourceTree = BUILT_PRODUCTS_DIR; };
		836E0F352DAE839A00B75F91 /* MovieShakerUITests.xctest */ = {isa = PBXFileReference; explicitFileType = wrapper.cfbundle; includeInIndex = 0; path = MovieShakerUITests.xctest; sourceTree = BUILT_PRODUCTS_DIR; };
/* End PBXFileReference section */

/* Begin PBXFileSystemSynchronizedRootGroup section */
		836E0F202DAE839800B75F91 /* MovieShaker */ = {
			isa = PBXFileSystemSynchronizedRootGroup;
			path = MovieShaker;
			sourceTree = "<group>";
		};
		836E0F2E2DAE839A00B75F91 /* MovieShakerTests */ = {
			isa = PBXFileSystemSynchronizedRootGroup;
			path = MovieShakerTests;
			sourceTree = "<group>";
		};
		836E0F382DAE839A00B75F91 /* MovieShakerUITests */ = {
			isa = PBXFileSystemSynchronizedRootGroup;
			path = MovieShakerUITests;
			sourceTree = "<group>";
		};
/* End PBXFileSystemSynchronizedRootGroup section */

/* Begin PBXFrameworksBuildPhase section */
		836E0F1B2DAE839800B75F91 /* Frameworks */ = {
			isa = PBXFrameworksBuildPhase;
			buildActionMask = 2147483647;
			files = (
			);
			runOnlyForDeploymentPostprocessing = 0;
		};
		836E0F282DAE839A00B75F91 /* Frameworks */ = {
			isa = PBXFrameworksBuildPhase;
			buildActionMask = 2147483647;
			files = (
			);
			runOnlyForDeploymentPostprocessing = 0;
		};
		836E0F322DAE839A00B75F91 /* Frameworks */ = {
			isa = PBXFrameworksBuildPhase;
			buildActionMask = 2147483647;
			files = (
			);
			runOnlyForDeploymentPostprocessing = 0;
		};
/* End PBXFrameworksBuildPhase section */

/* Begin PBXGroup section */
		836E0F152DAE839800B75F91 = {
			isa = PBXGroup;
			children = (
				836E0F202DAE839800B75F91 /* MovieShaker */,
				836E0F2E2DAE839A00B75F91 /* MovieShakerTests */,
				836E0F382DAE839A00B75F91 /* MovieShakerUITests */,
				836E0F1F2DAE839800B75F91 /* Products */,
			);
			sourceTree = "<group>";
		};
		836E0F1F2DAE839800B75F91 /* Products */ = {
			isa = PBXGroup;
			children = (
				836E0F1E2DAE839800B75F91 /* MovieShaker.app */,
				836E0F2B2DAE839A00B75F91 /* MovieShakerTests.xctest */,
				836E0F352DAE839A00B75F91 /* MovieShakerUITests.xctest */,
			);
			name = Products;
			sourceTree = "<group>";
		};
/* End PBXGroup section */

/* Begin PBXNativeTarget section */
		836E0F1D2DAE839800B75F91 /* MovieShaker */ = {
			isa = PBXNativeTarget;
			buildConfigurationList = 836E0F3F2DAE839A00B75F91 /* Build configuration list for PBXNativeTarget "MovieShaker" */;
			buildPhases = (
				836E0F1A2DAE839800B75F91 /* Sources */,
				836E0F1B2DAE839800B75F91 /* Frameworks */,
				836E0F1C2DAE839800B75F91 /* Resources */,
			);
			buildRules = (
			);
			dependencies = (
			);
			fileSystemSynchronizedGroups = (
				836E0F202DAE839800B75F91 /* MovieShaker */,
			);
			name = MovieShaker;
			packageProductDependencies = (
			);
			productName = MovieShaker;
			productReference = 836E0F1E2DAE839800B75F91 /* MovieShaker.app */;
			productType = "com.apple.product-type.application";
		};
		836E0F2A2DAE839A00B75F91 /* MovieShakerTests */ = {
			isa = PBXNativeTarget;
			buildConfigurationList = 836E0F422DAE839A00B75F91 /* Build configuration list for PBXNativeTarget "MovieShakerTests" */;
			buildPhases = (
				836E0F272DAE839A00B75F91 /* Sources */,
				836E0F282DAE839A00B75F91 /* Frameworks */,
				836E0F292DAE839A00B75F91 /* Resources */,
			);
			buildRules = (
			);
			dependencies = (
				836E0F2D2DAE839A00B75F91 /* PBXTargetDependency */,
			);
			fileSystemSynchronizedGroups = (
				836E0F2E2DAE839A00B75F91 /* MovieShakerTests */,
			);
			name = MovieShakerTests;
			packageProductDependencies = (
			);
			productName = MovieShakerTests;
			productReference = 836E0F2B2DAE839A00B75F91 /* MovieShakerTests.xctest */;
			productType = "com.apple.product-type.bundle.unit-test";
		};
		836E0F342DAE839A00B75F91 /* MovieShakerUITests */ = {
			isa = PBXNativeTarget;
			buildConfigurationList = 836E0F452DAE839A00B75F91 /* Build configuration list for PBXNativeTarget "MovieShakerUITests" */;
			buildPhases = (
				836E0F312DAE839A00B75F91 /* Sources */,
				836E0F322DAE839A00B75F91 /* Frameworks */,
				836E0F332DAE839A00B75F91 /* Resources */,
			);
			buildRules = (
			);
			dependencies = (
				836E0F372DAE839A00B75F91 /* PBXTargetDependency */,
			);
			fileSystemSynchronizedGroups = (
				836E0F382DAE839A00B75F91 /* MovieShakerUITests */,
			);
			name = MovieShakerUITests;
			packageProductDependencies = (
			);
			productName = MovieShakerUITests;
			productReference = 836E0F352DAE839A00B75F91 /* MovieShakerUITests.xctest */;
			productType = "com.apple.product-type.bundle.ui-testing";
		};
/* End PBXNativeTarget section */

/* Begin PBXProject section */
		836E0F162DAE839800B75F91 /* Project object */ = {
			isa = PBXProject;
			attributes = {
				BuildIndependentTargetsInParallel = 1;
				LastSwiftUpdateCheck = 1630;
				LastUpgradeCheck = 1630;
				TargetAttributes = {
					836E0F1D2DAE839800B75F91 = {
						CreatedOnToolsVersion = 16.3;
					};
					836E0F2A2DAE839A00B75F91 = {
						CreatedOnToolsVersion = 16.3;
						TestTargetID = 836E0F1D2DAE839800B75F91;
					};
					836E0F342DAE839A00B75F91 = {
						CreatedOnToolsVersion = 16.3;
						TestTargetID = 836E0F1D2DAE839800B75F91;
					};
				};
			};
			buildConfigurationList = 836E0F192DAE839800B75F91 /* Build configuration list for PBXProject "MovieShaker" */;
			developmentRegion = en;
			hasScannedForEncodings = 0;
			knownRegions = (
				en,
				Base,
			);
			mainGroup = 836E0F152DAE839800B75F91;
			minimizedProjectReferenceProxies = 1;
			preferredProjectObjectVersion = 77;
			productRefGroup = 836E0F1F2DAE839800B75F91 /* Products */;
			projectDirPath = "";
			projectRoot = "";
			targets = (
				836E0F1D2DAE839800B75F91 /* MovieShaker */,
				836E0F2A2DAE839A00B75F91 /* MovieShakerTests */,
				836E0F342DAE839A00B75F91 /* MovieShakerUITests */,
			);
		};
/* End PBXProject section */

/* Begin PBXResourcesBuildPhase section */
		836E0F1C2DAE839800B75F91 /* Resources */ = {
			isa = PBXResourcesBuildPhase;
			buildActionMask = 2147483647;
			files = (
			);
			runOnlyForDeploymentPostprocessing = 0;
		};
		836E0F292DAE839A00B75F91 /* Resources */ = {
			isa = PBXResourcesBuildPhase;
			buildActionMask = 2147483647;
			files = (
			);
			runOnlyForDeploymentPostprocessing = 0;
		};
		836E0F332DAE839A00B75F91 /* Resources */ = {
			isa = PBXResourcesBuildPhase;
			buildActionMask = 2147483647;
			files = (
			);
			runOnlyForDeploymentPostprocessing = 0;
		};
/* End PBXResourcesBuildPhase section */

/* Begin PBXSourcesBuildPhase section */
		836E0F1A2DAE839800B75F91 /* Sources */ = {
			isa = PBXSourcesBuildPhase;
			buildActionMask = 2147483647;
			files = (
			);
			runOnlyForDeploymentPostprocessing = 0;
		};
		836E0F272DAE839A00B75F91 /* Sources */ = {
			isa = PBXSourcesBuildPhase;
			buildActionMask = 2147483647;
			files = (
			);
			runOnlyForDeploymentPostprocessing = 0;
		};
		836E0F312DAE839A00B75F91 /* Sources */ = {
			isa = PBXSourcesBuildPhase;
			buildActionMask = 2147483647;
			files = (
			);
			runOnlyForDeploymentPostprocessing = 0;
		};
/* End PBXSourcesBuildPhase section */

/* Begin PBXTargetDependency section */
		836E0F2D2DAE839A00B75F91 /* PBXTargetDependency */ = {
			isa = PBXTargetDependency;
			target = 836E0F1D2DAE839800B75F91 /* MovieShaker */;
			targetProxy = 836E0F2C2DAE839A00B75F91 /* PBXContainerItemProxy */;
		};
		836E0F372DAE839A00B75F91 /* PBXTargetDependency */ = {
			isa = PBXTargetDependency;
			target = 836E0F1D2DAE839800B75F91 /* MovieShaker */;
			targetProxy = 836E0F362DAE839A00B75F91 /* PBXContainerItemProxy */;
		};
/* End PBXTargetDependency section */

/* Begin XCBuildConfiguration section */
		836E0F3D2DAE839A00B75F91 /* Debug */ = {
			isa = XCBuildConfiguration;
			buildSettings = {
				ALWAYS_SEARCH_USER_PATHS = NO;
				ASSETCATALOG_COMPILER_GENERATE_SWIFT_ASSET_SYMBOL_EXTENSIONS = YES;
				CLANG_ANALYZER_NONNULL = YES;
				CLANG_ANALYZER_NUMBER_OBJECT_CONVERSION = YES_AGGRESSIVE;
				CLANG_CXX_LANGUAGE_STANDARD = "gnu++20";
				CLANG_ENABLE_MODULES = YES;
				CLANG_ENABLE_OBJC_ARC = YES;
				CLANG_ENABLE_OBJC_WEAK = YES;
				CLANG_WARN_BLOCK_CAPTURE_AUTORELEASING = YES;
				CLANG_WARN_BOOL_CONVERSION = YES;
				CLANG_WARN_COMMA = YES;
				CLANG_WARN_CONSTANT_CONVERSION = YES;
				CLANG_WARN_DEPRECATED_OBJC_IMPLEMENTATIONS = YES;
				CLANG_WARN_DIRECT_OBJC_ISA_USAGE = YES_ERROR;
				CLANG_WARN_DOCUMENTATION_COMMENTS = YES;
				CLANG_WARN_EMPTY_BODY = YES;
				CLANG_WARN_ENUM_CONVERSION = YES;
				CLANG_WARN_INFINITE_RECURSION = YES;
				CLANG_WARN_INT_CONVERSION = YES;
				CLANG_WARN_NON_LITERAL_NULL_CONVERSION = YES;
				CLANG_WARN_OBJC_IMPLICIT_RETAIN_SELF = YES;
				CLANG_WARN_OBJC_LITERAL_CONVERSION = YES;
				CLANG_WARN_OBJC_ROOT_CLASS = YES_ERROR;
				CLANG_WARN_QUOTED_INCLUDE_IN_FRAMEWORK_HEADER = YES;
				CLANG_WARN_RANGE_LOOP_ANALYSIS = YES;
				CLANG_WARN_STRICT_PROTOTYPES = YES;
				CLANG_WARN_SUSPICIOUS_MOVE = YES;
				CLANG_WARN_UNGUARDED_AVAILABILITY = YES_AGGRESSIVE;
				CLANG_WARN_UNREACHABLE_CODE = YES;
				CLANG_WARN__DUPLICATE_METHOD_MATCH = YES;
				COPY_PHASE_STRIP = NO;
				DEBUG_INFORMATION_FORMAT = dwarf;
				DEVELOPMENT_TEAM = 4R69QV6VC5;
				ENABLE_STRICT_OBJC_MSGSEND = YES;
				ENABLE_TESTABILITY = YES;
				ENABLE_USER_SCRIPT_SANDBOXING = YES;
				GCC_C_LANGUAGE_STANDARD = gnu17;
				GCC_DYNAMIC_NO_PIC = NO;
				GCC_NO_COMMON_BLOCKS = YES;
				GCC_OPTIMIZATION_LEVEL = 0;
				GCC_PREPROCESSOR_DEFINITIONS = (
					"DEBUG=1",
					"$(inherited)",
				);
				GCC_WARN_64_TO_32_BIT_CONVERSION = YES;
				GCC_WARN_ABOUT_RETURN_TYPE = YES_ERROR;
				GCC_WARN_UNDECLARED_SELECTOR = YES;
				GCC_WARN_UNINITIALIZED_AUTOS = YES_AGGRESSIVE;
				GCC_WARN_UNUSED_FUNCTION = YES;
				GCC_WARN_UNUSED_VARIABLE = YES;
				IPHONEOS_DEPLOYMENT_TARGET = 18.4;
				LOCALIZATION_PREFERS_STRING_CATALOGS = YES;
				MTL_ENABLE_DEBUG_INFO = INCLUDE_SOURCE;
				MTL_FAST_MATH = YES;
				ONLY_ACTIVE_ARCH = YES;
				SDKROOT = iphoneos;
				SWIFT_ACTIVE_COMPILATION_CONDITIONS = "DEBUG $(inherited)";
				SWIFT_OPTIMIZATION_LEVEL = "-Onone";
			};
			name = Debug;
		};
		836E0F3E2DAE839A00B75F91 /* Release */ = {
			isa = XCBuildConfiguration;
			buildSettings = {
				ALWAYS_SEARCH_USER_PATHS = NO;
				ASSETCATALOG_COMPILER_GENERATE_SWIFT_ASSET_SYMBOL_EXTENSIONS = YES;
				CLANG_ANALYZER_NONNULL = YES;
				CLANG_ANALYZER_NUMBER_OBJECT_CONVERSION = YES_AGGRESSIVE;
				CLANG_CXX_LANGUAGE_STANDARD = "gnu++20";
				CLANG_ENABLE_MODULES = YES;
				CLANG_ENABLE_OBJC_ARC = YES;
				CLANG_ENABLE_OBJC_WEAK = YES;
				CLANG_WARN_BLOCK_CAPTURE_AUTORELEASING = YES;
				CLANG_WARN_BOOL_CONVERSION = YES;
				CLANG_WARN_COMMA = YES;
				CLANG_WARN_CONSTANT_CONVERSION = YES;
				CLANG_WARN_DEPRECATED_OBJC_IMPLEMENTATIONS = YES;
				CLANG_WARN_DIRECT_OBJC_ISA_USAGE = YES_ERROR;
				CLANG_WARN_DOCUMENTATION_COMMENTS = YES;
				CLANG_WARN_EMPTY_BODY = YES;
				CLANG_WARN_ENUM_CONVERSION = YES;
				CLANG_WARN_INFINITE_RECURSION = YES;
				CLANG_WARN_INT_CONVERSION = YES;
				CLANG_WARN_NON_LITERAL_NULL_CONVERSION = YES;
				CLANG_WARN_OBJC_IMPLICIT_RETAIN_SELF = YES;
				CLANG_WARN_OBJC_LITERAL_CONVERSION = YES;
				CLANG_WARN_OBJC_ROOT_CLASS = YES_ERROR;
				CLANG_WARN_QUOTED_INCLUDE_IN_FRAMEWORK_HEADER = YES;
				CLANG_WARN_RANGE_LOOP_ANALYSIS = YES;
				CLANG_WARN_STRICT_PROTOTYPES = YES;
				CLANG_WARN_SUSPICIOUS_MOVE = YES;
				CLANG_WARN_UNGUARDED_AVAILABILITY = YES_AGGRESSIVE;
				CLANG_WARN_UNREACHABLE_CODE = YES;
				CLANG_WARN__DUPLICATE_METHOD_MATCH = YES;
				COPY_PHASE_STRIP = NO;
				DEBUG_INFORMATION_FORMAT = "dwarf-with-dsym";
				DEVELOPMENT_TEAM = 4R69QV6VC5;
				ENABLE_NS_ASSERTIONS = NO;
				ENABLE_STRICT_OBJC_MSGSEND = YES;
				ENABLE_USER_SCRIPT_SANDBOXING = YES;
				GCC_C_LANGUAGE_STANDARD = gnu17;
				GCC_NO_COMMON_BLOCKS = YES;
				GCC_WARN_64_TO_32_BIT_CONVERSION = YES;
				GCC_WARN_ABOUT_RETURN_TYPE = YES_ERROR;
				GCC_WARN_UNDECLARED_SELECTOR = YES;
				GCC_WARN_UNINITIALIZED_AUTOS = YES_AGGRESSIVE;
				GCC_WARN_UNUSED_FUNCTION = YES;
				GCC_WARN_UNUSED_VARIABLE = YES;
				IPHONEOS_DEPLOYMENT_TARGET = 18.4;
				LOCALIZATION_PREFERS_STRING_CATALOGS = YES;
				MTL_ENABLE_DEBUG_INFO = NO;
				MTL_FAST_MATH = YES;
				SDKROOT = iphoneos;
				SWIFT_COMPILATION_MODE = wholemodule;
				VALIDATE_PRODUCT = YES;
			};
			name = Release;
		};
		836E0F402DAE839A00B75F91 /* Debug */ = {
			isa = XCBuildConfiguration;
			buildSettings = {
				ASSETCATALOG_COMPILER_APPICON_NAME = AppIcon;
				ASSETCATALOG_COMPILER_GLOBAL_ACCENT_COLOR_NAME = AccentColor;
				CODE_SIGN_STYLE = Automatic;
				CURRENT_PROJECT_VERSION = 1;
				DEVELOPMENT_TEAM = 4R69QV6VC5;
				ENABLE_PREVIEWS = YES;
				GENERATE_INFOPLIST_FILE = YES;
				INFOPLIST_KEY_UIApplicationSceneManifest_Generation = YES;
				INFOPLIST_KEY_UIApplicationSupportsIndirectInputEvents = YES;
				INFOPLIST_KEY_UILaunchScreen_Generation = YES;
				INFOPLIST_KEY_UISupportedInterfaceOrientations_iPad = "UIInterfaceOrientationPortrait UIInterfaceOrientationPortraitUpsideDown UIInterfaceOrientationLandscapeLeft UIInterfaceOrientationLandscapeRight";
				INFOPLIST_KEY_UISupportedInterfaceOrientations_iPhone = "UIInterfaceOrientationPortrait UIInterfaceOrientationLandscapeLeft UIInterfaceOrientationLandscapeRight";
				LD_RUNPATH_SEARCH_PATHS = (
					"$(inherited)",
					"@executable_path/Frameworks",
				);
				MARKETING_VERSION = 1.0;
				PRODUCT_BUNDLE_IDENTIFIER = com.app.MovieShaker;
				PRODUCT_NAME = "$(TARGET_NAME)";
				SWIFT_EMIT_LOC_STRINGS = YES;
				SWIFT_VERSION = 5.0;
				TARGETED_DEVICE_FAMILY = "1,2";
			};
			name = Debug;
		};
		836E0F412DAE839A00B75F91 /* Release */ = {
			isa = XCBuildConfiguration;
			buildSettings = {
				ASSETCATALOG_COMPILER_APPICON_NAME = AppIcon;
				ASSETCATALOG_COMPILER_GLOBAL_ACCENT_COLOR_NAME = AccentColor;
				CODE_SIGN_STYLE = Automatic;
				CURRENT_PROJECT_VERSION = 1;
				DEVELOPMENT_TEAM = 4R69QV6VC5;
				ENABLE_PREVIEWS = YES;
				GENERATE_INFOPLIST_FILE = YES;
				INFOPLIST_KEY_UIApplicationSceneManifest_Generation = YES;
				INFOPLIST_KEY_UIApplicationSupportsIndirectInputEvents = YES;
				INFOPLIST_KEY_UILaunchScreen_Generation = YES;
				INFOPLIST_KEY_UISupportedInterfaceOrientations_iPad = "UIInterfaceOrientationPortrait UIInterfaceOrientationPortraitUpsideDown UIInterfaceOrientationLandscapeLeft UIInterfaceOrientationLandscapeRight";
				INFOPLIST_KEY_UISupportedInterfaceOrientations_iPhone = "UIInterfaceOrientationPortrait UIInterfaceOrientationLandscapeLeft UIInterfaceOrientationLandscapeRight";
				LD_RUNPATH_SEARCH_PATHS = (
					"$(inherited)",
					"@executable_path/Frameworks",
				);
				MARKETING_VERSION = 1.0;
				PRODUCT_BUNDLE_IDENTIFIER = com.app.MovieShaker;
				PRODUCT_NAME = "$(TARGET_NAME)";
				SWIFT_EMIT_LOC_STRINGS = YES;
				SWIFT_VERSION = 5.0;
				TARGETED_DEVICE_FAMILY = "1,2";
			};
			name = Release;
		};
		836E0F432DAE839A00B75F91 /* Debug */ = {
			isa = XCBuildConfiguration;
			buildSettings = {
				BUNDLE_LOADER = "$(TEST_HOST)";
				CODE_SIGN_STYLE = Automatic;
				CURRENT_PROJECT_VERSION = 1;
				DEVELOPMENT_TEAM = 4R69QV6VC5;
				GENERATE_INFOPLIST_FILE = YES;
				IPHONEOS_DEPLOYMENT_TARGET = 18.4;
				MARKETING_VERSION = 1.0;
				PRODUCT_BUNDLE_IDENTIFIER = com.app.MovieShakerTests;
				PRODUCT_NAME = "$(TARGET_NAME)";
				SWIFT_EMIT_LOC_STRINGS = NO;
				SWIFT_VERSION = 5.0;
				TARGETED_DEVICE_FAMILY = "1,2";
				TEST_HOST = "$(BUILT_PRODUCTS_DIR)/MovieShaker.app/$(BUNDLE_EXECUTABLE_FOLDER_PATH)/MovieShaker";
			};
			name = Debug;
		};
		836E0F442DAE839A00B75F91 /* Release */ = {
			isa = XCBuildConfiguration;
			buildSettings = {
				BUNDLE_LOADER = "$(TEST_HOST)";
				CODE_SIGN_STYLE = Automatic;
				CURRENT_PROJECT_VERSION = 1;
				DEVELOPMENT_TEAM = 4R69QV6VC5;
				GENERATE_INFOPLIST_FILE = YES;
				IPHONEOS_DEPLOYMENT_TARGET = 18.4;
				MARKETING_VERSION = 1.0;
				PRODUCT_BUNDLE_IDENTIFIER = com.app.MovieShakerTests;
				PRODUCT_NAME = "$(TARGET_NAME)";
				SWIFT_EMIT_LOC_STRINGS = NO;
				SWIFT_VERSION = 5.0;
				TARGETED_DEVICE_FAMILY = "1,2";
				TEST_HOST = "$(BUILT_PRODUCTS_DIR)/MovieShaker.app/$(BUNDLE_EXECUTABLE_FOLDER_PATH)/MovieShaker";
			};
			name = Release;
		};
		836E0F462DAE839A00B75F91 /* Debug */ = {
			isa = XCBuildConfiguration;
			buildSettings = {
				CODE_SIGN_STYLE = Automatic;
				CURRENT_PROJECT_VERSION = 1;
				DEVELOPMENT_TEAM = 4R69QV6VC5;
				GENERATE_INFOPLIST_FILE = YES;
				MARKETING_VERSION = 1.0;
				PRODUCT_BUNDLE_IDENTIFIER = com.app.MovieShakerUITests;
				PRODUCT_NAME = "$(TARGET_NAME)";
				SWIFT_EMIT_LOC_STRINGS = NO;
				SWIFT_VERSION = 5.0;
				TARGETED_DEVICE_FAMILY = "1,2";
				TEST_TARGET_NAME = MovieShaker;
			};
			name = Debug;
		};
		836E0F472DAE839A00B75F91 /* Release */ = {
			isa = XCBuildConfiguration;
			buildSettings = {
				CODE_SIGN_STYLE = Automatic;
				CURRENT_PROJECT_VERSION = 1;
				DEVELOPMENT_TEAM = 4R69QV6VC5;
				GENERATE_INFOPLIST_FILE = YES;
				MARKETING_VERSION = 1.0;
				PRODUCT_BUNDLE_IDENTIFIER = com.app.MovieShakerUITests;
				PRODUCT_NAME = "$(TARGET_NAME)";
				SWIFT_EMIT_LOC_STRINGS = NO;
				SWIFT_VERSION = 5.0;
				TARGETED_DEVICE_FAMILY = "1,2";
				TEST_TARGET_NAME = MovieShaker;
			};
			name = Release;
		};
/* End XCBuildConfiguration section */

/* Begin XCConfigurationList section */
		836E0F192DAE839800B75F91 /* Build configuration list for PBXProject "MovieShaker" */ = {
			isa = XCConfigurationList;
			buildConfigurations = (
				836E0F3D2DAE839A00B75F91 /* Debug */,
				836E0F3E2DAE839A00B75F91 /* Release */,
			);
			defaultConfigurationIsVisible = 0;
			defaultConfigurationName = Release;
		};
		836E0F3F2DAE839A00B75F91 /* Build configuration list for PBXNativeTarget "MovieShaker" */ = {
			isa = XCConfigurationList;
			buildConfigurations = (
				836E0F402DAE839A00B75F91 /* Debug */,
				836E0F412DAE839A00B75F91 /* Release */,
			);
			defaultConfigurationIsVisible = 0;
			defaultConfigurationName = Release;
		};
		836E0F422DAE839A00B75F91 /* Build configuration list for PBXNativeTarget "MovieShakerTests" */ = {
			isa = XCConfigurationList;
			buildConfigurations = (
				836E0F432DAE839A00B75F91 /* Debug */,
				836E0F442DAE839A00B75F91 /* Release */,
			);
			defaultConfigurationIsVisible = 0;
			defaultConfigurationName = Release;
		};
		836E0F452DAE839A00B75F91 /* Build configuration list for PBXNativeTarget "MovieShakerUITests" */ = {
			isa = XCConfigurationList;
			buildConfigurations = (
				836E0F462DAE839A00B75F91 /* Debug */,
				836E0F472DAE839A00B75F91 /* Release */,
			);
			defaultConfigurationIsVisible = 0;
			defaultConfigurationName = Release;
		};
/* End XCConfigurationList section */
	};
	rootObject = 836E0F162DAE839800B75F91 /* Project object */;
}
